
Microsoft Visual Studio Solution File, Format Version 12.00
# Visual Studio 14
VisualStudioVersion = 14.0.25420.1
MinimumVisualStudioVersion = 10.0.40219.1
Project("{2150E333-8FDC-42A3-9474-1A3956D46DE8}") = "Core", "Core", "{D49E1985-0CF0-4558-A737-E4B967232E40}"
EndProject
Project("{2150E333-8FDC-42A3-9474-1A3956D46DE8}") = "Infrastructure", "Infrastructure", "{633F1023-5D63-47AE-B93D-D1942EB1AA24}"
EndProject
Project("{2150E333-8FDC-42A3-9474-1A3956D46DE8}") = "Services", "Services", "{7A50BBF9-A172-49BC-B69B-29CACECCE4F5}"
EndProject
Project("{2150E333-8FDC-42A3-9474-1A3956D46DE8}") = "UI", "UI", "{27905B93-77BE-4B44-997F-1A5FAF7FFCCE}"
EndProject
Project("{FAE04EC0-301F-11D3-BF4B-00C04F79EFBC}") = "Ems.Domain", "Ems.Domain\Ems.Domain.csproj", "{C7674A99-8793-46E8-9C51-EB91ACCEE7E5}"
EndProject
Project("{FAE04EC0-301F-11D3-BF4B-00C04F79EFBC}") = "Ems.Data", "Ems.Data\Ems.Data.csproj", "{C980E6AD-D9FD-435C-859C-20948DB53C20}"
EndProject
Project("{FAE04EC0-301F-11D3-BF4B-00C04F79EFBC}") = "Ems.ExternalServices", "Ems.ExternalServices\Ems.ExternalServices.csproj", "{698CBC0B-E254-45ED-9F0D-415EA9551A1F}"
EndProject
Project("{FAE04EC0-301F-11D3-BF4B-00C04F79EFBC}") = "Ems.FileServices", "Ems.FileService\Ems.FileServices.csproj", "{82490ECF-C6CB-4D4E-852F-4C54C4F764C2}"
EndProject
Project("{FAE04EC0-301F-11D3-BF4B-00C04F79EFBC}") = "Ems.Services", "Ems.Services\Ems.Services.csproj", "{85A27021-229C-4F00-A627-2D059441EB41}"
EndProject
Project("{FAE04EC0-301F-11D3-BF4B-00C04F79EFBC}") = "Ems.Web", "Ems.Web\Ems.Web.csproj", "{3EA55C0E-213F-41DB-AB3B-CCA7FC8CDC89}"
EndProject
Project("{2150E333-8FDC-42A3-9474-1A3956D46DE8}") = "Test", "Test", "{4E3A118F-5478-4AC2-ACC3-A1F056DEDF02}"
EndProject
Project("{FAE04EC0-301F-11D3-BF4B-00C04F79EFBC}") = "Ems.Service.Test", "Ems.Service.Test\Ems.Service.Test.csproj", "{392533D7-74E5-4532-A0C0-32390AA372FB}"
EndProject
Global
	GlobalSection(SolutionConfigurationPlatforms) = preSolution
		Debug|Any CPU = Debug|Any CPU
		Release|Any CPU = Release|Any CPU
	EndGlobalSection
	GlobalSection(ProjectConfigurationPlatforms) = postSolution
		{C7674A99-8793-46E8-9C51-EB91ACCEE7E5}.Debug|Any CPU.ActiveCfg = Debug|Any CPU
		{C7674A99-8793-46E8-9C51-EB91ACCEE7E5}.Debug|Any CPU.Build.0 = Debug|Any CPU
		{C7674A99-8793-46E8-9C51-EB91ACCEE7E5}.Release|Any CPU.ActiveCfg = Release|Any CPU
		{C7674A99-8793-46E8-9C51-EB91ACCEE7E5}.Release|Any CPU.Build.0 = Release|Any CPU
		{C980E6AD-D9FD-435C-859C-20948DB53C20}.Debug|Any CPU.ActiveCfg = Debug|Any CPU
		{C980E6AD-D9FD-435C-859C-20948DB53C20}.Debug|Any CPU.Build.0 = Debug|Any CPU
		{C980E6AD-D9FD-435C-859C-20948DB53C20}.Release|Any CPU.ActiveCfg = Release|Any CPU
		{C980E6AD-D9FD-435C-859C-20948DB53C20}.Release|Any CPU.Build.0 = Release|Any CPU
		{698CBC0B-E254-45ED-9F0D-415EA9551A1F}.Debug|Any CPU.ActiveCfg = Debug|Any CPU
		{698CBC0B-E254-45ED-9F0D-415EA9551A1F}.Debug|Any CPU.Build.0 = Debug|Any CPU
		{698CBC0B-E254-45ED-9F0D-415EA9551A1F}.Release|Any CPU.ActiveCfg = Release|Any CPU
		{698CBC0B-E254-45ED-9F0D-415EA9551A1F}.Release|Any CPU.Build.0 = Release|Any CPU
		{82490ECF-C6CB-4D4E-852F-4C54C4F764C2}.Debug|Any CPU.ActiveCfg = Debug|Any CPU
		{82490ECF-C6CB-4D4E-852F-4C54C4F764C2}.Debug|Any CPU.Build.0 = Debug|Any CPU
		{82490ECF-C6CB-4D4E-852F-4C54C4F764C2}.Release|Any CPU.ActiveCfg = Release|Any CPU
		{82490ECF-C6CB-4D4E-852F-4C54C4F764C2}.Release|Any CPU.Build.0 = Release|Any CPU
		{85A27021-229C-4F00-A627-2D059441EB41}.Debug|Any CPU.ActiveCfg = Debug|Any CPU
		{85A27021-229C-4F00-A627-2D059441EB41}.Debug|Any CPU.Build.0 = Debug|Any CPU
		{85A27021-229C-4F00-A627-2D059441EB41}.Release|Any CPU.ActiveCfg = Release|Any CPU
		{85A27021-229C-4F00-A627-2D059441EB41}.Release|Any CPU.Build.0 = Release|Any CPU
		{3EA55C0E-213F-41DB-AB3B-CCA7FC8CDC89}.Debug|Any CPU.ActiveCfg = Debug|Any CPU
		{3EA55C0E-213F-41DB-AB3B-CCA7FC8CDC89}.Debug|Any CPU.Build.0 = Debug|Any CPU
		{3EA55C0E-213F-41DB-AB3B-CCA7FC8CDC89}.Release|Any CPU.ActiveCfg = Release|Any CPU
		{3EA55C0E-213F-41DB-AB3B-CCA7FC8CDC89}.Release|Any CPU.Build.0 = Release|Any CPU
		{392533D7-74E5-4532-A0C0-32390AA372FB}.Debug|Any CPU.ActiveCfg = Debug|Any CPU
		{392533D7-74E5-4532-A0C0-32390AA372FB}.Debug|Any CPU.Build.0 = Debug|Any CPU
		{392533D7-74E5-4532-A0C0-32390AA372FB}.Release|Any CPU.ActiveCfg = Release|Any CPU
		{392533D7-74E5-4532-A0C0-32390AA372FB}.Release|Any CPU.Build.0 = Release|Any CPU
	EndGlobalSection
	GlobalSection(SolutionProperties) = preSolution
		HideSolutionNode = FALSE
	EndGlobalSection
	GlobalSection(NestedProjects) = preSolution
		{C7674A99-8793-46E8-9C51-EB91ACCEE7E5} = {D49E1985-0CF0-4558-A737-E4B967232E40}
		{C980E6AD-D9FD-435C-859C-20948DB53C20} = {633F1023-5D63-47AE-B93D-D1942EB1AA24}
		{698CBC0B-E254-45ED-9F0D-415EA9551A1F} = {633F1023-5D63-47AE-B93D-D1942EB1AA24}
		{82490ECF-C6CB-4D4E-852F-4C54C4F764C2} = {633F1023-5D63-47AE-B93D-D1942EB1AA24}
		{85A27021-229C-4F00-A627-2D059441EB41} = {7A50BBF9-A172-49BC-B69B-29CACECCE4F5}
		{3EA55C0E-213F-41DB-AB3B-CCA7FC8CDC89} = {27905B93-77BE-4B44-997F-1A5FAF7FFCCE}
		{392533D7-74E5-4532-A0C0-32390AA372FB} = {4E3A118F-5478-4AC2-ACC3-A1F056DEDF02}
	EndGlobalSection
	GlobalSection(ExtensibilityGlobals) = postSolution
		SolutionGuid = {E00040BF-5EAE-4434-A61E-1F91F6B607D7}
	EndGlobalSection
EndGlobal
